
Microsoft Visual Studio Solution File, Format Version 12.00
# Visual Studio 2013
VisualStudioVersion = 12.0.21005.1
MinimumVisualStudioVersion = 10.0.40219.1
Project("{FAE04EC0-301F-11D3-BF4B-00C04F79EFBC}") = "ApplicationRelatedToFile", "ApplicationRelatedToFile\ApplicationRelatedToFile.csproj", "{EFA8C299-4687-4E36-A7B0-F2D03B33B627}"
EndProject
Global
	GlobalSection(SolutionConfigurationPlatforms) = preSolution
		Debug|Any CPU = Debug|Any CPU
		Release|Any CPU = Release|Any CPU
	EndGlobalSection
	GlobalSection(ProjectConfigurationPlatforms) = postSolution
		{EFA8C299-4687-4E36-A7B0-F2D03B33B627}.Debug|Any CPU.ActiveCfg = Debug|Any CPU
		{EFA8C299-4687-4E36-A7B0-F2D03B33B627}.Debug|Any CPU.Build.0 = Debug|Any CPU
		{EFA8C299-4687-4E36-A7B0-F2D03B33B627}.Release|Any CPU.ActiveCfg = Release|Any CPU
		{EFA8C299-4687-4E36-A7B0-F2D03B33B627}.Release|Any CPU.Build.0 = Release|Any CPU
	EndGlobalSection
	GlobalSection(SolutionProperties) = preSolution
		HideSolutionNode = FALSE
	EndGlobalSection
EndGlobal
